Microsoft Visual Studio Solution File, Format Version 11.00
# Visual Studio 2008

Project("{5A83616D-A01C-560A-B7E1-50E852C1DF8C}") = "Potbellied_King_UnityProject", "Assembly-CSharp-vs.csproj", "{08FF5633-837B-BEF4-3D17-E0BECC5A3AA7}"
EndProject
Project("{5A83616D-A01C-560A-B7E1-50E852C1DF8C}") = "Potbellied_King_UnityProject", "Assembly-CSharp-Editor-vs.csproj", "{F8AF4D18-5D3E-67A0-2095-85EEABFA862F}"
EndProject
Global
	GlobalSection(SolutionConfigurationPlatforms) = preSolution
		Debug|Any CPU = Debug|Any CPU
		Release|Any CPU = Release|Any CPU
	EndGlobalSection
	GlobalSection(ProjectConfigurationPlatforms) = postSolution
		{08FF5633-837B-BEF4-3D17-E0BECC5A3AA7}.Debug|Any CPU.ActiveCfg = Debug|Any CPU
		{08FF5633-837B-BEF4-3D17-E0BECC5A3AA7}.Debug|Any CPU.Build.0 = Debug|Any CPU
		{08FF5633-837B-BEF4-3D17-E0BECC5A3AA7}.Release|Any CPU.ActiveCfg = Release|Any CPU
		{08FF5633-837B-BEF4-3D17-E0BECC5A3AA7}.Release|Any CPU.Build.0 = Release|Any CPU
		{F8AF4D18-5D3E-67A0-2095-85EEABFA862F}.Debug|Any CPU.ActiveCfg = Debug|Any CPU
		{F8AF4D18-5D3E-67A0-2095-85EEABFA862F}.Debug|Any CPU.Build.0 = Debug|Any CPU
		{F8AF4D18-5D3E-67A0-2095-85EEABFA862F}.Release|Any CPU.ActiveCfg = Release|Any CPU
		{F8AF4D18-5D3E-67A0-2095-85EEABFA862F}.Release|Any CPU.Build.0 = Release|Any CPU
	EndGlobalSection
	GlobalSection(SolutionProperties) = preSolution
		HideSolutionNode = FALSE
	EndGlobalSection
																																																																																																										GlobalSection(MonoDevelopProperties) = preSolution
		StartupItem = Assembly-CSharp.csproj
		Policies = $0
		$0.TextStylePolicy = $1
		$1.inheritsSet = null
		$1.scope = text/x-csharp
		$0.CSharpFormattingPolicy = $2
		$2.inheritsSet = Mono
		$2.inheritsScope = text/x-csharp
		$2.scope = text/x-csharp
		$0.TextStylePolicy = $3
		$3.FileWidth = 120
		$3.TabWidth = 4
		$3.EolMarker = Unix
		$3.inheritsSet = Mono
		$3.inheritsScope = text/plain
		$3.scope = text/plain
	EndGlobalSection

EndGlobal
